Microsoft Visual Studio Solution File, Format Version 11.00
# Visual Studio 2008

Project("{8A1F17F2-A4A9-DE6E-C2C3-2C3750BC2B90}") = "Reve_sans_fin_Unity", "Assembly-CSharp-firstpass.csproj", "{1ECC8194-2A95-2419-15C6-6CC9507AFEC3}"
EndProject
Project("{8A1F17F2-A4A9-DE6E-C2C3-2C3750BC2B90}") = "Reve_sans_fin_Unity", "Assembly-CSharp.csproj", "{00C106EC-163D-0195-9473-D4ACEA646276}"
EndProject
Project("{8A1F17F2-A4A9-DE6E-C2C3-2C3750BC2B90}") = "Reve_sans_fin_Unity", "Assembly-CSharp-Editor.csproj", "{3AC5DBD8-8BAC-3C15-2EC4-BC85C19EF75D}"
EndProject
Global
	GlobalSection(SolutionConfigurationPlatforms) = preSolution
		Debug|Any CPU = Debug|Any CPU
		Release|Any CPU = Release|Any CPU
	EndGlobalSection
	GlobalSection(ProjectConfigurationPlatforms) = postSolution
		{1ECC8194-2A95-2419-15C6-6CC9507AFEC3}.Debug|Any CPU.ActiveCfg = Debug|Any CPU
		{1ECC8194-2A95-2419-15C6-6CC9507AFEC3}.Debug|Any CPU.Build.0 = Debug|Any CPU
		{1ECC8194-2A95-2419-15C6-6CC9507AFEC3}.Release|Any CPU.ActiveCfg = Release|Any CPU
		{1ECC8194-2A95-2419-15C6-6CC9507AFEC3}.Release|Any CPU.Build.0 = Release|Any CPU
		{00C106EC-163D-0195-9473-D4ACEA646276}.Debug|Any CPU.ActiveCfg = Debug|Any CPU
		{00C106EC-163D-0195-9473-D4ACEA646276}.Debug|Any CPU.Build.0 = Debug|Any CPU
		{00C106EC-163D-0195-9473-D4ACEA646276}.Release|Any CPU.ActiveCfg = Release|Any CPU
		{00C106EC-163D-0195-9473-D4ACEA646276}.Release|Any CPU.Build.0 = Release|Any CPU
		{3AC5DBD8-8BAC-3C15-2EC4-BC85C19EF75D}.Debug|Any CPU.ActiveCfg = Debug|Any CPU
		{3AC5DBD8-8BAC-3C15-2EC4-BC85C19EF75D}.Debug|Any CPU.Build.0 = Debug|Any CPU
		{3AC5DBD8-8BAC-3C15-2EC4-BC85C19EF75D}.Release|Any CPU.ActiveCfg = Release|Any CPU
		{3AC5DBD8-8BAC-3C15-2EC4-BC85C19EF75D}.Release|Any CPU.Build.0 = Release|Any CPU
	EndGlobalSection
	GlobalSection(SolutionProperties) = preSolution
		HideSolutionNode = FALSE
	EndGlobalSection
	GlobalSection(MonoDevelopProperties) = preSolution
		StartupItem = Assembly-CSharp.csproj
		Policies = $0
		$0.TextStylePolicy = $1
		$1.inheritsSet = null
		$1.scope = text/x-csharp
		$0.CSharpFormattingPolicy = $2
		$2.inheritsSet = Mono
		$2.inheritsScope = text/x-csharp
		$2.scope = text/x-csharp
		$0.TextStylePolicy = $3
		$3.FileWidth = 120
		$3.TabWidth = 4
		$3.IndentWidth = 4
		$3.EolMarker = Unix
		$3.inheritsSet = Mono
		$3.inheritsScope = text/plain
		$3.scope = text/plain
	EndGlobalSection
EndGlobal
