Microsoft Visual Studio Solution File, Format Version 11.00
# Visual Studio 2008

Project("{D3EF2DC3-DF14-1493-BD60-FEB52301B48F}") = "Reve_sans_fin_origin", "Assembly-CSharp-firstpass.csproj", "{6F5775A9-441B-B725-221A-210AA6FDE48B}"
EndProject
Project("{D3EF2DC3-DF14-1493-BD60-FEB52301B48F}") = "Reve_sans_fin_origin", "Assembly-CSharp.csproj", "{B5B32B68-1475-F996-8149-756E2F3E2F10}"
EndProject
Project("{D3EF2DC3-DF14-1493-BD60-FEB52301B48F}") = "Reve_sans_fin_origin", "Assembly-CSharp-Editor.csproj", "{FA61949E-F4AC-04DA-99BF-8E4A738470BD}"
EndProject
Global
	GlobalSection(SolutionConfigurationPlatforms) = preSolution
		Debug|Any CPU = Debug|Any CPU
		Release|Any CPU = Release|Any CPU
	EndGlobalSection
	GlobalSection(ProjectConfigurationPlatforms) = postSolution
		{6F5775A9-441B-B725-221A-210AA6FDE48B}.Debug|Any CPU.ActiveCfg = Debug|Any CPU
		{6F5775A9-441B-B725-221A-210AA6FDE48B}.Debug|Any CPU.Build.0 = Debug|Any CPU
		{6F5775A9-441B-B725-221A-210AA6FDE48B}.Release|Any CPU.ActiveCfg = Release|Any CPU
		{6F5775A9-441B-B725-221A-210AA6FDE48B}.Release|Any CPU.Build.0 = Release|Any CPU
		{B5B32B68-1475-F996-8149-756E2F3E2F10}.Debug|Any CPU.ActiveCfg = Debug|Any CPU
		{B5B32B68-1475-F996-8149-756E2F3E2F10}.Debug|Any CPU.Build.0 = Debug|Any CPU
		{B5B32B68-1475-F996-8149-756E2F3E2F10}.Release|Any CPU.ActiveCfg = Release|Any CPU
		{B5B32B68-1475-F996-8149-756E2F3E2F10}.Release|Any CPU.Build.0 = Release|Any CPU
		{FA61949E-F4AC-04DA-99BF-8E4A738470BD}.Debug|Any CPU.ActiveCfg = Debug|Any CPU
		{FA61949E-F4AC-04DA-99BF-8E4A738470BD}.Debug|Any CPU.Build.0 = Debug|Any CPU
		{FA61949E-F4AC-04DA-99BF-8E4A738470BD}.Release|Any CPU.ActiveCfg = Release|Any CPU
		{FA61949E-F4AC-04DA-99BF-8E4A738470BD}.Release|Any CPU.Build.0 = Release|Any CPU
	EndGlobalSection
	GlobalSection(SolutionProperties) = preSolution
		HideSolutionNode = FALSE
	EndGlobalSection
																										GlobalSection(MonoDevelopProperties) = preSolution
		StartupItem = Assembly-CSharp.csproj
		Policies = $0
		$0.TextStylePolicy = $1
		$1.inheritsSet = null
		$1.scope = text/x-csharp
		$0.CSharpFormattingPolicy = $2
		$2.inheritsSet = Mono
		$2.inheritsScope = text/x-csharp
		$2.scope = text/x-csharp
		$0.TextStylePolicy = $3
		$3.FileWidth = 120
		$3.TabWidth = 4
		$3.IndentWidth = 4
		$3.EolMarker = Unix
		$3.inheritsSet = Mono
		$3.inheritsScope = text/plain
		$3.scope = text/plain
	EndGlobalSection
EndGlobal
